{
  "name": "nbs_player",
  "version": "1.0.0",
  "lockfileVersion": 2,
  "requires": true,
  "packages": {
    "": {
      "name": "nbs_player",
      "version": "1.0.0",
      "license": "Apache-2.0",
      "dependencies": {
        "@encode42/nbs.js": "^4.0.0"
      },
      "devDependencies": {
        "@types/node": "^18.7.5"
      }
    },
    "node_modules/@encode42/nbs.js": {
      "version": "4.0.0",
      "resolved": "https://registry.npmjs.org/@encode42/nbs.js/-/nbs.js-4.0.0.tgz",
      "integrity": "sha512-06JsPtpmZ+TkDGUsjn3oFF2rEUcwVye/Rg9lkNCIEyThx4UYiUJup9BYZirGTdGJT0QQ1Bpzz9fLx5Pl5V+9aw==",
      "funding": {
        "type": "ko-fi",
        "url": "https://ko-fi.com/Encode42"
      }
    },
    "node_modules/@types/node": {
      "version": "18.7.5",
      "resolved": "https://registry.npmjs.org/@types/node/-/node-18.7.5.tgz",
      "integrity": "sha512-NcKK6Ts+9LqdHJaW6HQmgr7dT/i3GOHG+pt6BiWv++5SnjtRd4NXeiuN2kA153SjhXPR/AhHIPHPbrsbpUVOww==",
      "dev": true
    }
  },
  "dependencies": {
    "@encode42/nbs.js": {
      "version": "4.0.0",
      "resolved": "https://registry.npmjs.org/@encode42/nbs.js/-/nbs.js-4.0.0.tgz",
      "integrity": "sha512-06JsPtpmZ+TkDGUsjn3oFF2rEUcwVye/Rg9lkNCIEyThx4UYiUJup9BYZirGTdGJT0QQ1Bpzz9fLx5Pl5V+9aw=="
    },
    "@types/node": {
      "version": "18.7.5",
      "resolved": "https://registry.npmjs.org/@types/node/-/node-18.7.5.tgz",
      "integrity": "sha512-NcKK6Ts+9LqdHJaW6HQmgr7dT/i3GOHG+pt6BiWv++5SnjtRd4NXeiuN2kA153SjhXPR/AhHIPHPbrsbpUVOww==",
      "dev": true
    }
  }
}
