[[package]]
name = "altgraph"
version = "0.17.2"
description = "Python graph (network) package"
category = "main"
optional = false
python-versions = "*"

[[package]]
name = "future"
version = "0.18.2"
description = "Clean single-source support for Python 3 and 2"
category = "main"
optional = false
python-versions = ">=2.6, !=3.0.*, !=3.1.*, !=3.2.*"

[[package]]
name = "macholib"
version = "1.16"
description = "Mach-O header analysis and editing"
category = "main"
optional = false
python-versions = "*"

[package.dependencies]
altgraph = ">=0.15"

[[package]]
name = "pathlib"
version = "1.0.1"
description = "Object-oriented filesystem paths"
category = "main"
optional = false
python-versions = "*"

[[package]]
name = "pefile"
version = "2022.5.30"
description = "Python PE parsing module"
category = "main"
optional = false
python-versions = ">=3.6.0"

[package.dependencies]
future = "*"

[[package]]
name = "pyinstaller"
version = "5.3"
description = "PyInstaller bundles a Python application and all its dependencies into a single package."
category = "main"
optional = false
python-versions = "<3.11,>=3.7"

[package.dependencies]
altgraph = "*"
macholib = {version = ">=1.8", markers = "sys_platform == \"darwin\""}
pefile = {version = ">=2022.5.30", markers = "sys_platform == \"win32\""}
pyinstaller-hooks-contrib = ">=2021.4"
pywin32-ctypes = {version = ">=0.2.0", markers = "sys_platform == \"win32\""}

[package.extras]
encryption = ["tinyaes (>=1.0.0)"]
hook_testing = ["pytest (>=2.7.3)", "execnet (>=1.5.0)", "psutil"]

[[package]]
name = "pyinstaller-hooks-contrib"
version = "2022.8"
description = "Community maintained hooks for PyInstaller"
category = "main"
optional = false
python-versions = ">=3.7"

[[package]]
name = "pynbs"
version = "1.1.0"
description = "A simple python library to read and write .nbs files from Note Block Studio"
category = "main"
optional = false
python-versions = ">=3.8,<4.0"

[[package]]
name = "pywin32-ctypes"
version = "0.2.0"
description = ""
category = "main"
optional = false
python-versions = "*"

[metadata]
lock-version = "1.1"
python-versions = ">=3.10,<3.11"
content-hash = "e609a12881ecdbbad03c4bc1430582d28785d21c4502556c4a8dca776318a69b"

[metadata.files]
altgraph = [
    {file = "altgraph-0.17.2-py2.py3-none-any.whl", hash = "sha256:743628f2ac6a7c26f5d9223c91ed8ecbba535f506f4b6f558885a8a56a105857"},
    {file = "altgraph-0.17.2.tar.gz", hash = "sha256:ebf2269361b47d97b3b88e696439f6e4cbc607c17c51feb1754f90fb79839158"},
]
future = [
    {file = "future-0.18.2.tar.gz", hash = "sha256:b1bead90b70cf6ec3f0710ae53a525360fa360d306a86583adc6bf83a4db537d"},
]
macholib = [
    {file = "macholib-1.16-py2.py3-none-any.whl", hash = "sha256:5a0742b587e6e57bfade1ab90651d4877185bf66fd4a176a488116de36878229"},
    {file = "macholib-1.16.tar.gz", hash = "sha256:001bf281279b986a66d7821790d734e61150d52f40c080899df8fefae056e9f7"},
]
pathlib = []
pefile = [
    {file = "pefile-2022.5.30.tar.gz", hash = "sha256:a5488a3dd1fd021ce33f969780b88fe0f7eebb76eb20996d7318f307612a045b"},
]
pyinstaller = [
    {file = "pyinstaller-5.3-py3-none-macosx_10_13_universal2.whl", hash = "sha256:7591a9e1e2a481f99eb99036d6786e20717bc10f8f0a8ef519958cb3172fac7a"},
    {file = "pyinstaller-5.3-py3-none-manylinux2014_aarch64.whl", hash = "sha256:d4123992556951ed24e11cf2eec9a4e18e94ee8bd63ca49d9b7fc37387097eb9"},
    {file = "pyinstaller-5.3-py3-none-manylinux2014_i686.whl", hash = "sha256:066b83a0eae89ad418749e9e29429c152f1ff096230df11a093bbded8344ade0"},
    {file = "pyinstaller-5.3-py3-none-manylinux2014_ppc64le.whl", hash = "sha256:4c658a762cbbee5c5997c364578804d4c1e91d688de8ed018710c2705bf1474b"},
    {file = "pyinstaller-5.3-py3-none-manylinux2014_s390x.whl", hash = "sha256:a0e7a80fe04204add3f743101958a3cf62b79e7ccda838388784b1a35bb5b27f"},
    {file = "pyinstaller-5.3-py3-none-manylinux2014_x86_64.whl", hash = "sha256:aa9d1b8639d2402438c179ae1c8acfd41b65366c803a5a6484a5bb7586e88647"},
    {file = "pyinstaller-5.3-py3-none-musllinux_1_1_aarch64.whl", hash = "sha256:794e8e143ae73d1acdd2cbc52f02dd34cdfbd954ede34c7067ce68a268d8b7c2"},
    {file = "pyinstaller-5.3-py3-none-musllinux_1_1_x86_64.whl", hash = "sha256:9efbad718fe29d425336f289871c67bfc6a1876013037fee2ef1f7613fd675a2"},
    {file = "pyinstaller-5.3-py3-none-win32.whl", hash = "sha256:cae43e01e04f37185d23202aba8cf2837fa24ec3d0aa5ebc42e26f404e6eba95"},
    {file = "pyinstaller-5.3-py3-none-win_amd64.whl", hash = "sha256:b38505b445cdd64279f04650e0ddfe5ac6cef61996b14f06e3c99da8aac3cfbe"},
    {file = "pyinstaller-5.3.tar.gz", hash = "sha256:de71d4669806e4d54b23b477cc077e2e8fe9c4d57e79ed32d22b7585137fd7b7"},
]
pyinstaller-hooks-contrib = [
    {file = "pyinstaller-hooks-contrib-2022.8.tar.gz", hash = "sha256:c4210fc50282c9c6a918e485e0bfae9405592390508e3be9fde19acc2213da56"},
    {file = "pyinstaller_hooks_contrib-2022.8-py2.py3-none-any.whl", hash = "sha256:e46f099934dd4577fb1ddcf37a99fa04027c92f8f5291c8802f326345988d001"},
]
pynbs = [
    {file = "pynbs-1.1.0-py3-none-any.whl", hash = "sha256:1b25d2497af0f70e294a093ddef063d612baeb77fef0110cdf84638815061366"},
    {file = "pynbs-1.1.0.tar.gz", hash = "sha256:bc883de0b32dceaccf606b74d7a99a3ee7522d147bde3d8d3742ec0401b21759"},
]
pywin32-ctypes = [
    {file = "pywin32-ctypes-0.2.0.tar.gz", hash = "sha256:24ffc3b341d457d48e8922352130cf2644024a4ff09762a2261fd34c36ee5942"},
    {file = "pywin32_ctypes-0.2.0-py2.py3-none-any.whl", hash = "sha256:9dc2d991b3479cc2df15930958b674a48a227d5361d413827a4cfd0b5876fc98"},
]
